
Microsoft Visual Studio Solution File, Format Version 12.00
# Visual Studio Version 17
VisualStudioVersion = 17.8.34330.188
MinimumVisualStudioVersion = 10.0.40219.1
Project("{9A19103F-16F7-4668-BE54-9A1E7A4F7556}") = "Demo01", "Demo01\Demo01.csproj", "{55F5FC59-5A06-481D-B9F7-45E8B738C2A7}"
EndProject
Project("{2150E333-8FDC-42A3-9474-1A3956D46DE8}") = "Exos", "Exos", "{95C4E0E7-BDFF-4F67-8775-FE44C7EE58BB}"
EndProject
Project("{9A19103F-16F7-4668-BE54-9A1E7A4F7556}") = "Asp-Exo01-Routing", "Asp-Exo01-Routing\Asp-Exo01-Routing.csproj", "{51B6753F-06B8-4D19-838D-BFE65A5C3EA3}"
EndProject
Project("{2150E333-8FDC-42A3-9474-1A3956D46DE8}") = "Demos", "Demos", "{FFD2F947-4213-4D8D-96B2-443422B884D4}"
EndProject
Project("{9A19103F-16F7-4668-BE54-9A1E7A4F7556}") = "Demo02", "Demo02\Demo02.csproj", "{D48B4174-EB1C-4D38-B339-FF82740E9786}"
EndProject
Project("{9A19103F-16F7-4668-BE54-9A1E7A4F7556}") = "Demo03", "Demo03\Demo03.csproj", "{4E0CBF6C-A426-41E8-893F-0501E85EA177}"
EndProject
Project("{9A19103F-16F7-4668-BE54-9A1E7A4F7556}") = "ASP-Exo-Formulaire", "ASP-Exo-Formulaire\ASP-Exo-Formulaire.csproj", "{F5B1981B-4561-46B9-9489-CE629E1D4567}"
EndProject
Project("{FAE04EC0-301F-11D3-BF4B-00C04F79EFBC}") = "ASP-Exo03-Scaffolding", "ASP-Exo03-Scaffolding\ASP-Exo03-Scaffolding.csproj", "{B0BC9B9B-FED5-4CF9-AFDC-D489FC8BB20A}"
EndProject
Project("{2150E333-8FDC-42A3-9474-1A3956D46DE8}") = "DemoComplete", "DemoComplete", "{B8A78B4F-DB88-4E2A-AA75-197C49D8EEE1}"
EndProject
Project("{2150E333-8FDC-42A3-9474-1A3956D46DE8}") = "ASP", "ASP", "{6B04B769-8CB4-48D6-8AEE-251D0B38682C}"
EndProject
Project("{2150E333-8FDC-42A3-9474-1A3956D46DE8}") = "BLL", "BLL", "{CBFA62AB-00D5-4820-8F70-F1A19AAA2378}"
EndProject
Project("{2150E333-8FDC-42A3-9474-1A3956D46DE8}") = "DAL", "DAL", "{5D28EAF1-FBCC-4411-958B-07169EE0F843}"
EndProject
Project("{FAE04EC0-301F-11D3-BF4B-00C04F79EFBC}") = "ASP-Demo-DBSlide", "ASP-Demo-DBSlide\ASP-Demo-DBSlide.csproj", "{79EDF516-7D71-47A7-BEF8-9FDDFDA40D7E}"
EndProject
Project("{FAE04EC0-301F-11D3-BF4B-00C04F79EFBC}") = "BLL-Demo-DBSlide", "BLL-Demo-DBSlide\BLL-Demo-DBSlide.csproj", "{DA05D93A-2D36-40E4-9B13-58CA181A7021}"
EndProject
Project("{FAE04EC0-301F-11D3-BF4B-00C04F79EFBC}") = "DAL-Demo-DBSlide", "DAL-Demo-DBSlide\DAL-Demo-DBSlide.csproj", "{E7B3C497-8143-4C28-A11C-8E010BD7E2E7}"
EndProject
Global
	GlobalSection(SolutionConfigurationPlatforms) = preSolution
		Debug|Any CPU = Debug|Any CPU
		Release|Any CPU = Release|Any CPU
	EndGlobalSection
	GlobalSection(ProjectConfigurationPlatforms) = postSolution
		{55F5FC59-5A06-481D-B9F7-45E8B738C2A7}.Debug|Any CPU.ActiveCfg = Debug|Any CPU
		{55F5FC59-5A06-481D-B9F7-45E8B738C2A7}.Debug|Any CPU.Build.0 = Debug|Any CPU
		{55F5FC59-5A06-481D-B9F7-45E8B738C2A7}.Release|Any CPU.ActiveCfg = Release|Any CPU
		{55F5FC59-5A06-481D-B9F7-45E8B738C2A7}.Release|Any CPU.Build.0 = Release|Any CPU
		{51B6753F-06B8-4D19-838D-BFE65A5C3EA3}.Debug|Any CPU.ActiveCfg = Debug|Any CPU
		{51B6753F-06B8-4D19-838D-BFE65A5C3EA3}.Debug|Any CPU.Build.0 = Debug|Any CPU
		{51B6753F-06B8-4D19-838D-BFE65A5C3EA3}.Release|Any CPU.ActiveCfg = Release|Any CPU
		{51B6753F-06B8-4D19-838D-BFE65A5C3EA3}.Release|Any CPU.Build.0 = Release|Any CPU
		{D48B4174-EB1C-4D38-B339-FF82740E9786}.Debug|Any CPU.ActiveCfg = Debug|Any CPU
		{D48B4174-EB1C-4D38-B339-FF82740E9786}.Debug|Any CPU.Build.0 = Debug|Any CPU
		{D48B4174-EB1C-4D38-B339-FF82740E9786}.Release|Any CPU.ActiveCfg = Release|Any CPU
		{D48B4174-EB1C-4D38-B339-FF82740E9786}.Release|Any CPU.Build.0 = Release|Any CPU
		{4E0CBF6C-A426-41E8-893F-0501E85EA177}.Debug|Any CPU.ActiveCfg = Debug|Any CPU
		{4E0CBF6C-A426-41E8-893F-0501E85EA177}.Debug|Any CPU.Build.0 = Debug|Any CPU
		{4E0CBF6C-A426-41E8-893F-0501E85EA177}.Release|Any CPU.ActiveCfg = Release|Any CPU
		{4E0CBF6C-A426-41E8-893F-0501E85EA177}.Release|Any CPU.Build.0 = Release|Any CPU
		{F5B1981B-4561-46B9-9489-CE629E1D4567}.Debug|Any CPU.ActiveCfg = Debug|Any CPU
		{F5B1981B-4561-46B9-9489-CE629E1D4567}.Debug|Any CPU.Build.0 = Debug|Any CPU
		{F5B1981B-4561-46B9-9489-CE629E1D4567}.Release|Any CPU.ActiveCfg = Release|Any CPU
		{F5B1981B-4561-46B9-9489-CE629E1D4567}.Release|Any CPU.Build.0 = Release|Any CPU
		{B0BC9B9B-FED5-4CF9-AFDC-D489FC8BB20A}.Debug|Any CPU.ActiveCfg = Debug|Any CPU
		{B0BC9B9B-FED5-4CF9-AFDC-D489FC8BB20A}.Debug|Any CPU.Build.0 = Debug|Any CPU
		{B0BC9B9B-FED5-4CF9-AFDC-D489FC8BB20A}.Release|Any CPU.ActiveCfg = Release|Any CPU
		{B0BC9B9B-FED5-4CF9-AFDC-D489FC8BB20A}.Release|Any CPU.Build.0 = Release|Any CPU
		{79EDF516-7D71-47A7-BEF8-9FDDFDA40D7E}.Debug|Any CPU.ActiveCfg = Debug|Any CPU
		{79EDF516-7D71-47A7-BEF8-9FDDFDA40D7E}.Debug|Any CPU.Build.0 = Debug|Any CPU
		{79EDF516-7D71-47A7-BEF8-9FDDFDA40D7E}.Release|Any CPU.ActiveCfg = Release|Any CPU
		{79EDF516-7D71-47A7-BEF8-9FDDFDA40D7E}.Release|Any CPU.Build.0 = Release|Any CPU
		{DA05D93A-2D36-40E4-9B13-58CA181A7021}.Debug|Any CPU.ActiveCfg = Debug|Any CPU
		{DA05D93A-2D36-40E4-9B13-58CA181A7021}.Debug|Any CPU.Build.0 = Debug|Any CPU
		{DA05D93A-2D36-40E4-9B13-58CA181A7021}.Release|Any CPU.ActiveCfg = Release|Any CPU
		{DA05D93A-2D36-40E4-9B13-58CA181A7021}.Release|Any CPU.Build.0 = Release|Any CPU
		{E7B3C497-8143-4C28-A11C-8E010BD7E2E7}.Debug|Any CPU.ActiveCfg = Debug|Any CPU
		{E7B3C497-8143-4C28-A11C-8E010BD7E2E7}.Debug|Any CPU.Build.0 = Debug|Any CPU
		{E7B3C497-8143-4C28-A11C-8E010BD7E2E7}.Release|Any CPU.ActiveCfg = Release|Any CPU
		{E7B3C497-8143-4C28-A11C-8E010BD7E2E7}.Release|Any CPU.Build.0 = Release|Any CPU
	EndGlobalSection
	GlobalSection(SolutionProperties) = preSolution
		HideSolutionNode = FALSE
	EndGlobalSection
	GlobalSection(NestedProjects) = preSolution
		{55F5FC59-5A06-481D-B9F7-45E8B738C2A7} = {FFD2F947-4213-4D8D-96B2-443422B884D4}
		{51B6753F-06B8-4D19-838D-BFE65A5C3EA3} = {95C4E0E7-BDFF-4F67-8775-FE44C7EE58BB}
		{D48B4174-EB1C-4D38-B339-FF82740E9786} = {FFD2F947-4213-4D8D-96B2-443422B884D4}
		{4E0CBF6C-A426-41E8-893F-0501E85EA177} = {FFD2F947-4213-4D8D-96B2-443422B884D4}
		{F5B1981B-4561-46B9-9489-CE629E1D4567} = {95C4E0E7-BDFF-4F67-8775-FE44C7EE58BB}
		{B0BC9B9B-FED5-4CF9-AFDC-D489FC8BB20A} = {95C4E0E7-BDFF-4F67-8775-FE44C7EE58BB}
		{6B04B769-8CB4-48D6-8AEE-251D0B38682C} = {B8A78B4F-DB88-4E2A-AA75-197C49D8EEE1}
		{CBFA62AB-00D5-4820-8F70-F1A19AAA2378} = {B8A78B4F-DB88-4E2A-AA75-197C49D8EEE1}
		{5D28EAF1-FBCC-4411-958B-07169EE0F843} = {B8A78B4F-DB88-4E2A-AA75-197C49D8EEE1}
		{79EDF516-7D71-47A7-BEF8-9FDDFDA40D7E} = {6B04B769-8CB4-48D6-8AEE-251D0B38682C}
		{DA05D93A-2D36-40E4-9B13-58CA181A7021} = {CBFA62AB-00D5-4820-8F70-F1A19AAA2378}
		{E7B3C497-8143-4C28-A11C-8E010BD7E2E7} = {5D28EAF1-FBCC-4411-958B-07169EE0F843}
	EndGlobalSection
	GlobalSection(ExtensibilityGlobals) = postSolution
		SolutionGuid = {E2AFE720-7B66-4589-A1BC-4EBB7883A9DE}
	EndGlobalSection
EndGlobal
